<?xml version="1.0" encoding="utf-8"?>
<Project ToolsVersion="4.0" xmlns="http://schemas.microsoft.com/developer/msbuild/2003">
  <ItemGroup>
    <Filter Include="Source Files">
      <UniqueIdentifier>{4FC737F1-C7A5-4376-A066-2A32D752A2FF}</UniqueIdentifier>
      <Extensions>cpp;c;cc;cxx;def;odl;idl;hpj;bat;asm;asmx</Extensions>
    </Filter>
    <Filter Include="Header Files">
      <UniqueIdentifier>{93995380-89BD-4b04-88EB-625FBE52EBFB}</UniqueIdentifier>
      <Extensions>h;hh;hpp;hxx;hm;inl;inc;ipp;xsd</Extensions>
    </Filter>
    <Filter Include="Source Files\Core">
      <UniqueIdentifier>{3b15b3f2-24cc-4e25-a057-57e6df9926df}</UniqueIdentifier>
    </Filter>
    <Filter Include="Header Files\Core">
      <UniqueIdentifier>{7b834a1a-b392-4ded-9aa9-67e9690a8512}</UniqueIdentifier>
    </Filter>
    <Filter Include="Header Files\Network">
      <UniqueIdentifier>{e897b8a8-0247-4bb2-b798-865608ef6a92}</UniqueIdentifier>
    </Filter>
    <Filter Include="Source Files\Network">
      <UniqueIdentifier>{def7c394-4c70-4813-a19d-7497c656d21e}</UniqueIdentifier>
    </Filter>
  </ItemGroup>
  <ItemGroup>
    <ClCompile Include="http.c">
      <Filter>Source Files\Network</Filter>
    </ClCompile>
    <ClCompile Include="report.c">
      <Filter>Source Files\Network</Filter>
    </ClCompile>
    <ClCompile Include="globals.c">
      <Filter>Source Files\Core</Filter>
    </ClCompile>
    <ClCompile Include="command.c">
      <Filter>Source Files\Network</Filter>
    </ClCompile>
    <ClCompile Include="nzt.c">
      <Filter>Source Files\Core</Filter>
    </ClCompile>
    <ClCompile Include="shared.c">
      <Filter>Source Files\Core</Filter>
    </ClCompile>
    <ClCompile Include="antidebug.c">
      <Filter>Source Files\Core</Filter>
    </ClCompile>
    <ClCompile Include="injection.c">
      <Filter>Source Files\Core</Filter>
    </ClCompile>
    <ClCompile Include="install.c">
      <Filter>Source Files\Core</Filter>
    </ClCompile>
  </ItemGroup>
  <ItemGroup>
    <ClInclude Include="globals.h">
      <Filter>Header Files\Core</Filter>
    </ClInclude>
    <ClInclude Include="http.h">
      <Filter>Header Files\Network</Filter>
    </ClInclude>
    <ClInclude Include="report.h">
      <Filter>Header Files\Network</Filter>
    </ClInclude>
    <ClInclude Include="command.h">
      <Filter>Header Files\Core</Filter>
    </ClInclude>
    <ClInclude Include="antidebug.h">
      <Filter>Header Files\Core</Filter>
    </ClInclude>
    <ClInclude Include="injection.h">
      <Filter>Header Files\Core</Filter>
    </ClInclude>
    <ClInclude Include="install.h">
      <Filter>Header Files\Core</Filter>
    </ClInclude>
    <ClInclude Include="..\Shared\nzt.h">
      <Filter>Header Files\Core</Filter>
    </ClInclude>
  </ItemGroup>
</Project>